
Microsoft Visual Studio Solution File, Format Version 12.00
# Visual Studio Version 17
VisualStudioVersion = 17.4.33213.308
MinimumVisualStudioVersion = 10.0.40219.1
Project("{FAE04EC0-301F-11D3-BF4B-00C04F79EFBC}") = "blazor-libman", "blazor-libman\blazor-libman.csproj", "{A9B5919B-FE90-4976-BF01-4A5056F5C064}"
EndProject
Global
	GlobalSection(SolutionConfigurationPlatforms) = preSolution
		Debug|Any CPU = Debug|Any CPU
		Release|Any CPU = Release|Any CPU
	EndGlobalSection
	GlobalSection(ProjectConfigurationPlatforms) = postSolution
		{A9B5919B-FE90-4976-BF01-4A5056F5C064}.Debug|Any CPU.ActiveCfg = Debug|Any CPU
		{A9B5919B-FE90-4976-BF01-4A5056F5C064}.Debug|Any CPU.Build.0 = Debug|Any CPU
		{A9B5919B-FE90-4976-BF01-4A5056F5C064}.Release|Any CPU.ActiveCfg = Release|Any CPU
		{A9B5919B-FE90-4976-BF01-4A5056F5C064}.Release|Any CPU.Build.0 = Release|Any CPU
	EndGlobalSection
	GlobalSection(SolutionProperties) = preSolution
		HideSolutionNode = FALSE
	EndGlobalSection
	GlobalSection(ExtensibilityGlobals) = postSolution
		SolutionGuid = {DDFE8954-3A7E-446A-81A4-672F32E4D1C7}
	EndGlobalSection
EndGlobal
